{
  "name": "trainerfinder",
  "version": "1.0.0",
  "lockfileVersion": 1,
  "requires": true,
  "dependencies": {
    "generic-pool": {
      "version": "2.0.2",
      "resolved": "https://registry.npmjs.org/generic-pool/-/generic-pool-2.0.2.tgz",
      "integrity": "sha1-YBXerdTOFX2074PKrJmE6JsQCRI=",
      "dev": true
    },
    "grunt-pg": {
      "version": "git+https://github.com/watsoncj/grunt-pg.git#42f69bc0ee7bd0691490c676c9f13fae6a006abf",
      "dev": true,
      "requires": {
        "pg": "0.11.3",
        "underscore": "1.8.3"
      },
      "dependencies": {
        "pg": {
          "version": "0.11.3",
          "resolved": "https://registry.npmjs.org/pg/-/pg-0.11.3.tgz",
          "integrity": "sha1-H7bJfNfXgIAWLKvRZAnCPjBYCFo=",
          "dev": true,
          "requires": {
            "generic-pool": "2.0.2"
          }
        }
      }
    },
    "underscore": {
      "version": "1.8.3",
      "resolved": "https://registry.npmjs.org/underscore/-/underscore-1.8.3.tgz",
      "integrity": "sha1-Tz+1OxBuYJf8+ctBCfKl6b36UCI=",
      "dev": true
    }
  }
}
